// !$*UTF8*$!
{
	archiveVersion = 1;
	classes = {
	};
	objectVersion = 50;
	objects = {

/* Begin PBXBuildFile section */
		049720082233D1FD00383A55 /* AppDelegate.swift in Sources */ = {isa = PBXBuildFile; fileRef = 049720072233D1FD00383A55 /* AppDelegate.swift */; };
		0497200A2233D1FD00383A55 /* ViewController.swift in Sources */ = {isa = PBXBuildFile; fileRef = 049720092233D1FD00383A55 /* ViewController.swift */; };
		0497200D2233D1FD00383A55 /* Main.storyboard in Resources */ = {isa = PBXBuildFile; fileRef = 0497200B2233D1FD00383A55 /* Main.storyboard */; };
		0497200F2233D1FF00383A55 /* Assets.xcassets in Resources */ = {isa = PBXBuildFile; fileRef = 0497200E2233D1FF00383A55 /* Assets.xcassets */; };
		049720122233D1FF00383A55 /* LaunchScreen.storyboard in Resources */ = {isa = PBXBuildFile; fileRef = 049720102233D1FF00383A55 /* LaunchScreen.storyboard */; };
		04AA4F282233DAFC009F1664 /* loader.json in Resources */ = {isa = PBXBuildFile; fileRef = 04AA4F272233DAFC009F1664 /* loader.json */; };
		CE89F8F6671B14BE0DE1E182 /* Pods_LottieAnimation.framework in Frameworks */ = {isa = PBXBuildFile; fileRef = 26538CC8657FC712176736DD /* Pods_LottieAnimation.framework */; };
/* End PBXBuildFile section */

/* Begin PBXFileReference section */
		049720042233D1FD00383A55 /* LottieAnimation.app */ = {isa = PBXFileReference; explicitFileType = wrapper.application; includeInIndex = 0; path = LottieAnimation.app; sourceTree = BUILT_PRODUCTS_DIR; };
		049720072233D1FD00383A55 /* AppDelegate.swift */ = {isa = PBXFileReference; lastKnownFileType = sourcecode.swift; path = AppDelegate.swift; sourceTree = "<group>"; };
		049720092233D1FD00383A55 /* ViewController.swift */ = {isa = PBXFileReference; lastKnownFileType = sourcecode.swift; path = ViewController.swift; sourceTree = "<group>"; };
		0497200C2233D1FD00383A55 /* Base */ = {isa = PBXFileReference; lastKnownFileType = file.storyboard; name = Base; path = Base.lproj/Main.storyboard; sourceTree = "<group>"; };
		0497200E2233D1FF00383A55 /* Assets.xcassets */ = {isa = PBXFileReference; lastKnownFileType = folder.assetcatalog; path = Assets.xcassets; sourceTree = "<group>"; };
		049720112233D1FF00383A55 /* Base */ = {isa = PBXFileReference; lastKnownFileType = file.storyboard; name = Base; path = Base.lproj/LaunchScreen.storyboard; sourceTree = "<group>"; };
		049720132233D1FF00383A55 /* Info.plist */ = {isa = PBXFileReference; lastKnownFileType = text.plist.xml; path = Info.plist; sourceTree = "<group>"; };
		04AA4F272233DAFC009F1664 /* loader.json */ = {isa = PBXFileReference; fileEncoding = 4; lastKnownFileType = text.json; path = loader.json; sourceTree = "<group>"; };
		1D9111D8B358D4E227D31E7F /* Pods-LottieAnimation.release.xcconfig */ = {isa = PBXFileReference; includeInIndex = 1; lastKnownFileType = text.xcconfig; name = "Pods-LottieAnimation.release.xcconfig"; path = "Pods/Target Support Files/Pods-LottieAnimation/Pods-LottieAnimation.release.xcconfig"; sourceTree = "<group>"; };
		26538CC8657FC712176736DD /* Pods_LottieAnimation.framework */ = {isa = PBXFileReference; explicitFileType = wrapper.framework; includeInIndex = 0; path = Pods_LottieAnimation.framework; sourceTree = BUILT_PRODUCTS_DIR; };
		706EE871D1A13607EBBA3ABB /* Pods-LottieAnimation.debug.xcconfig */ = {isa = PBXFileReference; includeInIndex = 1; lastKnownFileType = text.xcconfig; name = "Pods-LottieAnimation.debug.xcconfig"; path = "Pods/Target Support Files/Pods-LottieAnimation/Pods-LottieAnimation.debug.xcconfig"; sourceTree = "<group>"; };
/* End PBXFileReference section */

/* Begin PBXFrameworksBuildPhase section */
		049720012233D1FD00383A55 /* Frameworks */ = {
			isa = PBXFrameworksBuildPhase;
			buildActionMask = 2147483647;
			files = (
				CE89F8F6671B14BE0DE1E182 /* Pods_LottieAnimation.framework in Frameworks */,
			);
			runOnlyForDeploymentPostprocessing = 0;
		};
/* End PBXFrameworksBuildPhase section */

/* Begin PBXGroup section */
		04971FFB2233D1FD00383A55 = {
			isa = PBXGroup;
			children = (
				049720062233D1FD00383A55 /* LottieAnimation */,
				049720052233D1FD00383A55 /* Products */,
				C8E617CDCBBD15F5BFC00BEB /* Pods */,
				2EFC1B2C918F060625274840 /* Frameworks */,
			);
			sourceTree = "<group>";
		};
		049720052233D1FD00383A55 /* Products */ = {
			isa = PBXGroup;
			children = (
				049720042233D1FD00383A55 /* LottieAnimation.app */,
			);
			name = Products;
			sourceTree = "<group>";
		};
		049720062233D1FD00383A55 /* LottieAnimation */ = {
			isa = PBXGroup;
			children = (
				04AA4F272233DAFC009F1664 /* loader.json */,
				049720072233D1FD00383A55 /* AppDelegate.swift */,
				049720092233D1FD00383A55 /* ViewController.swift */,
				0497200B2233D1FD00383A55 /* Main.storyboard */,
				0497200E2233D1FF00383A55 /* Assets.xcassets */,
				049720102233D1FF00383A55 /* LaunchScreen.storyboard */,
				049720132233D1FF00383A55 /* Info.plist */,
			);
			path = LottieAnimation;
			sourceTree = "<group>";
		};
		2EFC1B2C918F060625274840 /* Frameworks */ = {
			isa = PBXGroup;
			children = (
				26538CC8657FC712176736DD /* Pods_LottieAnimation.framework */,
			);
			name = Frameworks;
			sourceTree = "<group>";
		};
		C8E617CDCBBD15F5BFC00BEB /* Pods */ = {
			isa = PBXGroup;
			children = (
				706EE871D1A13607EBBA3ABB /* Pods-LottieAnimation.debug.xcconfig */,
				1D9111D8B358D4E227D31E7F /* Pods-LottieAnimation.release.xcconfig */,
			);
			name = Pods;
			sourceTree = "<group>";
		};
/* End PBXGroup section */

/* Begin PBXNativeTarget section */
		049720032233D1FD00383A55 /* LottieAnimation */ = {
			isa = PBXNativeTarget;
			buildConfigurationList = 049720162233D1FF00383A55 /* Build configuration list for PBXNativeTarget "LottieAnimation" */;
			buildPhases = (
				F35BE1DD376FC84EE8AB2D4C /* [CP] Check Pods Manifest.lock */,
				049720002233D1FD00383A55 /* Sources */,
				049720012233D1FD00383A55 /* Frameworks */,
				049720022233D1FD00383A55 /* Resources */,
				6F05D343B5A1A4DBC8F7268C /* [CP] Embed Pods Frameworks */,
			);
			buildRules = (
			);
			dependencies = (
			);
			name = LottieAnimation;
			productName = LottieAnimation;
			productReference = 049720042233D1FD00383A55 /* LottieAnimation.app */;
			productType = "com.apple.product-type.application";
		};
/* End PBXNativeTarget section */

/* Begin PBXProject section */
		04971FFC2233D1FD00383A55 /* Project object */ = {
			isa = PBXProject;
			attributes = {
				LastSwiftUpdateCheck = 1010;
				LastUpgradeCheck = 1010;
				ORGANIZATIONNAME = Sujal;
				TargetAttributes = {
					049720032233D1FD00383A55 = {
						CreatedOnToolsVersion = 10.1;
					};
				};
			};
			buildConfigurationList = 04971FFF2233D1FD00383A55 /* Build configuration list for PBXProject "LottieAnimation" */;
			compatibilityVersion = "Xcode 9.3";
			developmentRegion = en;
			hasScannedForEncodings = 0;
			knownRegions = (
				en,
				Base,
			);
			mainGroup = 04971FFB2233D1FD00383A55;
			productRefGroup = 049720052233D1FD00383A55 /* Products */;
			projectDirPath = "";
			projectRoot = "";
			targets = (
				049720032233D1FD00383A55 /* LottieAnimation */,
			);
		};
/* End PBXProject section */

/* Begin PBXResourcesBuildPhase section */
		049720022233D1FD00383A55 /* Resources */ = {
			isa = PBXResourcesBuildPhase;
			buildActionMask = 2147483647;
			files = (
				049720122233D1FF00383A55 /* LaunchScreen.storyboard in Resources */,
				0497200F2233D1FF00383A55 /* Assets.xcassets in Resources */,
				0497200D2233D1FD00383A55 /* Main.storyboard in Resources */,
				04AA4F282233DAFC009F1664 /* loader.json in Resources */,
			);
			runOnlyForDeploymentPostprocessing = 0;
		};
/* End PBXResourcesBuildPhase section */

/* Begin PBXShellScriptBuildPhase section */
		6F05D343B5A1A4DBC8F7268C /* [CP] Embed Pods Frameworks */ = {
			isa = PBXShellScriptBuildPhase;
			buildActionMask = 2147483647;
			files = (
			);
			inputPaths = (
				"${SRCROOT}/Pods/Target Support Files/Pods-LottieAnimation/Pods-LottieAnimation-frameworks.sh",
				"${BUILT_PRODUCTS_DIR}/lottie-ios/Lottie.framework",
			);
			name = "[CP] Embed Pods Frameworks";
			outputPaths = (
				"${TARGET_BUILD_DIR}/${FRAMEWORKS_FOLDER_PATH}/Lottie.framework",
			);
			runOnlyForDeploymentPostprocessing = 0;
			shellPath = /bin/sh;
			shellScript = "\"${SRCROOT}/Pods/Target Support Files/Pods-LottieAnimation/Pods-LottieAnimation-frameworks.sh\"\n";
			showEnvVarsInLog = 0;
		};
		F35BE1DD376FC84EE8AB2D4C /* [CP] Check Pods Manifest.lock */ = {
			isa = PBXShellScriptBuildPhase;
			buildActionMask = 2147483647;
			files = (
			);
			inputPaths = (
				"${PODS_PODFILE_DIR_PATH}/Podfile.lock",
				"${PODS_ROOT}/Manifest.lock",
			);
			name = "[CP] Check Pods Manifest.lock";
			outputPaths = (
				"$(DERIVED_FILE_DIR)/Pods-LottieAnimation-checkManifestLockResult.txt",
			);
			runOnlyForDeploymentPostprocessing = 0;
			shellPath = /bin/sh;
			shellScript = "diff \"${PODS_PODFILE_DIR_PATH}/Podfile.lock\" \"${PODS_ROOT}/Manifest.lock\" > /dev/null\nif [ $? != 0 ] ; then\n    # print error to STDERR\n    echo \"error: The sandbox is not in sync with the Podfile.lock. Run 'pod install' or update your CocoaPods installation.\" >&2\n    exit 1\nfi\n# This output is used by Xcode 'outputs' to avoid re-running this script phase.\necho \"SUCCESS\" > \"${SCRIPT_OUTPUT_FILE_0}\"\n";
			showEnvVarsInLog = 0;
		};
/* End PBXShellScriptBuildPhase section */

/* Begin PBXSourcesBuildPhase section */
		049720002233D1FD00383A55 /* Sources */ = {
			isa = PBXSourcesBuildPhase;
			buildActionMask = 2147483647;
			files = (
				0497200A2233D1FD00383A55 /* ViewController.swift in Sources */,
				049720082233D1FD00383A55 /* AppDelegate.swift in Sources */,
			);
			runOnlyForDeploymentPostprocessing = 0;
		};
/* End PBXSourcesBuildPhase section */

/* Begin PBXVariantGroup section */
		0497200B2233D1FD00383A55 /* Main.storyboard */ = {
			isa = PBXVariantGroup;
			children = (
				0497200C2233D1FD00383A55 /* Base */,
			);
			name = Main.storyboard;
			sourceTree = "<group>";
		};
		049720102233D1FF00383A55 /* LaunchScreen.storyboard */ = {
			isa = PBXVariantGroup;
			children = (
				049720112233D1FF00383A55 /* Base */,
			);
			name = LaunchScreen.storyboard;
			sourceTree = "<group>";
		};
/* End PBXVariantGroup section */

/* Begin XCBuildConfiguration section */
		049720142233D1FF00383A55 /* Debug */ = {
			isa = XCBuildConfiguration;
			buildSettings = {
				ALWAYS_SEARCH_USER_PATHS = NO;
				CLANG_ANALYZER_NONNULL = YES;
				CLANG_ANALYZER_NUMBER_OBJECT_CONVERSION = YES_AGGRESSIVE;
				CLANG_CXX_LANGUAGE_STANDARD = "gnu++14";
				CLANG_CXX_LIBRARY = "libc++";
				CLANG_ENABLE_MODULES = YES;
				CLANG_ENABLE_OBJC_ARC = YES;
				CLANG_ENABLE_OBJC_WEAK = YES;
				CLANG_WARN_BLOCK_CAPTURE_AUTORELEASING = YES;
				CLANG_WARN_BOOL_CONVERSION = YES;
				CLANG_WARN_COMMA = YES;
				CLANG_WARN_CONSTANT_CONVERSION = YES;
				CLANG_WARN_DEPRECATED_OBJC_IMPLEMENTATIONS = YES;
				CLANG_WARN_DIRECT_OBJC_ISA_USAGE = YES_ERROR;
				CLANG_WARN_DOCUMENTATION_COMMENTS = YES;
				CLANG_WARN_EMPTY_BODY = YES;
				CLANG_WARN_ENUM_CONVERSION = YES;
				CLANG_WARN_INFINITE_RECURSION = YES;
				CLANG_WARN_INT_CONVERSION = YES;
				CLANG_WARN_NON_LITERAL_NULL_CONVERSION = YES;
				CLANG_WARN_OBJC_IMPLICIT_RETAIN_SELF = YES;
				CLANG_WARN_OBJC_LITERAL_CONVERSION = YES;
				CLANG_WARN_OBJC_ROOT_CLASS = YES_ERROR;
				CLANG_WARN_RANGE_LOOP_ANALYSIS = YES;
				CLANG_WARN_STRICT_PROTOTYPES = YES;
				CLANG_WARN_SUSPICIOUS_MOVE = YES;
				CLANG_WARN_UNGUARDED_AVAILABILITY = YES_AGGRESSIVE;
				CLANG_WARN_UNREACHABLE_CODE = YES;
				CLANG_WARN__DUPLICATE_METHOD_MATCH = YES;
				CODE_SIGN_IDENTITY = "iPhone Developer";
				COPY_PHASE_STRIP = NO;
				DEBUG_INFORMATION_FORMAT = dwarf;
				ENABLE_STRICT_OBJC_MSGSEND = YES;
				ENABLE_TESTABILITY = YES;
				GCC_C_LANGUAGE_STANDARD = gnu11;
				GCC_DYNAMIC_NO_PIC = NO;
				GCC_NO_COMMON_BLOCKS = YES;
				GCC_OPTIMIZATION_LEVEL = 0;
				GCC_PREPROCESSOR_DEFINITIONS = (
					"DEBUG=1",
					"$(inherited)",
				);
				GCC_WARN_64_TO_32_BIT_CONVERSION = YES;
				GCC_WARN_ABOUT_RETURN_TYPE = YES_ERROR;
				GCC_WARN_UNDECLARED_SELECTOR = YES;
				GCC_WARN_UNINITIALIZED_AUTOS = YES_AGGRESSIVE;
				GCC_WARN_UNUSED_FUNCTION = YES;
				GCC_WARN_UNUSED_VARIABLE = YES;
				IPHONEOS_DEPLOYMENT_TARGET = 12.1;
				MTL_ENABLE_DEBUG_INFO = INCLUDE_SOURCE;
				MTL_FAST_MATH = YES;
				ONLY_ACTIVE_ARCH = YES;
				SDKROOT = iphoneos;
				SWIFT_ACTIVE_COMPILATION_CONDITIONS = DEBUG;
				SWIFT_OPTIMIZATION_LEVEL = "-Onone";
			};
			name = Debug;
		};
		049720152233D1FF00383A55 /* Release */ = {
			isa = XCBuildConfiguration;
			buildSettings = {
				ALWAYS_SEARCH_USER_PATHS = NO;
				CLANG_ANALYZER_NONNULL = YES;
				CLANG_ANALYZER_NUMBER_OBJECT_CONVERSION = YES_AGGRESSIVE;
				CLANG_CXX_LANGUAGE_STANDARD = "gnu++14";
				CLANG_CXX_LIBRARY = "libc++";
				CLANG_ENABLE_MODULES = YES;
				CLANG_ENABLE_OBJC_ARC = YES;
				CLANG_ENABLE_OBJC_WEAK = YES;
				CLANG_WARN_BLOCK_CAPTURE_AUTORELEASING = YES;
				CLANG_WARN_BOOL_CONVERSION = YES;
				CLANG_WARN_COMMA = YES;
				CLANG_WARN_CONSTANT_CONVERSION = YES;
				CLANG_WARN_DEPRECATED_OBJC_IMPLEMENTATIONS = YES;
				CLANG_WARN_DIRECT_OBJC_ISA_USAGE = YES_ERROR;
				CLANG_WARN_DOCUMENTATION_COMMENTS = YES;
				CLANG_WARN_EMPTY_BODY = YES;
				CLANG_WARN_ENUM_CONVERSION = YES;
				CLANG_WARN_INFINITE_RECURSION = YES;
				CLANG_WARN_INT_CONVERSION = YES;
				CLANG_WARN_NON_LITERAL_NULL_CONVERSION = YES;
				CLANG_WARN_OBJC_IMPLICIT_RETAIN_SELF = YES;
				CLANG_WARN_OBJC_LITERAL_CONVERSION = YES;
				CLANG_WARN_OBJC_ROOT_CLASS = YES_ERROR;
				CLANG_WARN_RANGE_LOOP_ANALYSIS = YES;
				CLANG_WARN_STRICT_PROTOTYPES = YES;
				CLANG_WARN_SUSPICIOUS_MOVE = YES;
				CLANG_WARN_UNGUARDED_AVAILABILITY = YES_AGGRESSIVE;
				CLANG_WARN_UNREACHABLE_CODE = YES;
				CLANG_WARN__DUPLICATE_METHOD_MATCH = YES;
				CODE_SIGN_IDENTITY = "iPhone Developer";
				COPY_PHASE_STRIP = NO;
				DEBUG_INFORMATION_FORMAT = "dwarf-with-dsym";
				ENABLE_NS_ASSERTIONS = NO;
				ENABLE_STRICT_OBJC_MSGSEND = YES;
				GCC_C_LANGUAGE_STANDARD = gnu11;
				GCC_NO_COMMON_BLOCKS = YES;
				GCC_WARN_64_TO_32_BIT_CONVERSION = YES;
				GCC_WARN_ABOUT_RETURN_TYPE = YES_ERROR;
				GCC_WARN_UNDECLARED_SELECTOR = YES;
				GCC_WARN_UNINITIALIZED_AUTOS = YES_AGGRESSIVE;
				GCC_WARN_UNUSED_FUNCTION = YES;
				GCC_WARN_UNUSED_VARIABLE = YES;
				IPHONEOS_DEPLOYMENT_TARGET = 12.1;
				MTL_ENABLE_DEBUG_INFO = NO;
				MTL_FAST_MATH = YES;
				SDKROOT = iphoneos;
				SWIFT_COMPILATION_MODE = wholemodule;
				SWIFT_OPTIMIZATION_LEVEL = "-O";
				VALIDATE_PRODUCT = YES;
			};
			name = Release;
		};
		049720172233D1FF00383A55 /* Debug */ = {
			isa = XCBuildConfiguration;
			baseConfigurationReference = 706EE871D1A13607EBBA3ABB /* Pods-LottieAnimation.debug.xcconfig */;
			buildSettings = {
				ASSETCATALOG_COMPILER_APPICON_NAME = AppIcon;
				CODE_SIGN_STYLE = Automatic;
				DEVELOPMENT_TEAM = 2G4ZH29J3B;
				INFOPLIST_FILE = LottieAnimation/Info.plist;
				LD_RUNPATH_SEARCH_PATHS = (
					"$(inherited)",
					"@executable_path/Frameworks",
				);
				PRODUCT_BUNDLE_IDENTIFIER = manandhar.sujal.LottieAnimation;
				PRODUCT_NAME = "$(TARGET_NAME)";
				SWIFT_VERSION = 4.2;
				TARGETED_DEVICE_FAMILY = "1,2";
			};
			name = Debug;
		};
		049720182233D1FF00383A55 /* Release */ = {
			isa = XCBuildConfiguration;
			baseConfigurationReference = 1D9111D8B358D4E227D31E7F /* Pods-LottieAnimation.release.xcconfig */;
			buildSettings = {
				ASSETCATALOG_COMPILER_APPICON_NAME = AppIcon;
				CODE_SIGN_STYLE = Automatic;
				DEVELOPMENT_TEAM = 2G4ZH29J3B;
				INFOPLIST_FILE = LottieAnimation/Info.plist;
				LD_RUNPATH_SEARCH_PATHS = (
					"$(inherited)",
					"@executable_path/Frameworks",
				);
				PRODUCT_BUNDLE_IDENTIFIER = manandhar.sujal.LottieAnimation;
				PRODUCT_NAME = "$(TARGET_NAME)";
				SWIFT_VERSION = 4.2;
				TARGETED_DEVICE_FAMILY = "1,2";
			};
			name = Release;
		};
/* End XCBuildConfiguration section */

/* Begin XCConfigurationList section */
		04971FFF2233D1FD00383A55 /* Build configuration list for PBXProject "LottieAnimation" */ = {
			isa = XCConfigurationList;
			buildConfigurations = (
				049720142233D1FF00383A55 /* Debug */,
				049720152233D1FF00383A55 /* Release */,
			);
			defaultConfigurationIsVisible = 0;
			defaultConfigurationName = Release;
		};
		049720162233D1FF00383A55 /* Build configuration list for PBXNativeTarget "LottieAnimation" */ = {
			isa = XCConfigurationList;
			buildConfigurations = (
				049720172233D1FF00383A55 /* Debug */,
				049720182233D1FF00383A55 /* Release */,
			);
			defaultConfigurationIsVisible = 0;
			defaultConfigurationName = Release;
		};
/* End XCConfigurationList section */
	};
	rootObject = 04971FFC2233D1FD00383A55 /* Project object */;
}
